
Microsoft Visual Studio Solution File, Format Version 12.00
# Visual Studio Version 16
VisualStudioVersion = 16.0.30413.136
MinimumVisualStudioVersion = 10.0.40219.1
Project("{FAE04EC0-301F-11D3-BF4B-00C04F79EFBC}") = "EjVtaRepuestos", "EjVtaRepuestos.csproj", "{81096EA4-1D5F-41A7-8DB8-9FE3ED9F3CEA}"
EndProject
Global
	GlobalSection(SolutionConfigurationPlatforms) = preSolution
		Debug|Any CPU = Debug|Any CPU
		Release|Any CPU = Release|Any CPU
	EndGlobalSection
	GlobalSection(ProjectConfigurationPlatforms) = postSolution
		{81096EA4-1D5F-41A7-8DB8-9FE3ED9F3CEA}.Debug|Any CPU.ActiveCfg = Debug|Any CPU
		{81096EA4-1D5F-41A7-8DB8-9FE3ED9F3CEA}.Debug|Any CPU.Build.0 = Debug|Any CPU
		{81096EA4-1D5F-41A7-8DB8-9FE3ED9F3CEA}.Release|Any CPU.ActiveCfg = Release|Any CPU
		{81096EA4-1D5F-41A7-8DB8-9FE3ED9F3CEA}.Release|Any CPU.Build.0 = Release|Any CPU
	EndGlobalSection
	GlobalSection(SolutionProperties) = preSolution
		HideSolutionNode = FALSE
	EndGlobalSection
	GlobalSection(ExtensibilityGlobals) = postSolution
		SolutionGuid = {6D0E7DC1-A683-4B3F-AA7E-731D02848685}
	EndGlobalSection
EndGlobal
